
Microsoft Visual Studio Solution File, Format Version 12.00
# Visual Studio Version 16
VisualStudioVersion = 16.0.29728.190
MinimumVisualStudioVersion = 10.0.40219.1
Project("{FAE04EC0-301F-11D3-BF4B-00C04F79EFBC}") = "StarCraftMapBrowser", "StarCraftMapBrowser.csproj", "{4A2E6291-1AD1-484B-9CA6-E5DB1B5F6227}"
EndProject
Global
	GlobalSection(SolutionConfigurationPlatforms) = preSolution
		Debug|Any CPU = Debug|Any CPU
		Debug|x64 = Debug|x64
		Release|Any CPU = Release|Any CPU
		Release|x64 = Release|x64
	EndGlobalSection
	GlobalSection(ProjectConfigurationPlatforms) = postSolution
		{4A2E6291-1AD1-484B-9CA6-E5DB1B5F6227}.Debug|Any CPU.ActiveCfg = Debug|Any CPU
		{4A2E6291-1AD1-484B-9CA6-E5DB1B5F6227}.Debug|Any CPU.Build.0 = Debug|Any CPU
		{4A2E6291-1AD1-484B-9CA6-E5DB1B5F6227}.Debug|x64.ActiveCfg = Debug|x64
		{4A2E6291-1AD1-484B-9CA6-E5DB1B5F6227}.Debug|x64.Build.0 = Debug|x64
		{4A2E6291-1AD1-484B-9CA6-E5DB1B5F6227}.Release|Any CPU.ActiveCfg = Release|Any CPU
		{4A2E6291-1AD1-484B-9CA6-E5DB1B5F6227}.Release|Any CPU.Build.0 = Release|Any CPU
		{4A2E6291-1AD1-484B-9CA6-E5DB1B5F6227}.Release|x64.ActiveCfg = Release|x64
		{4A2E6291-1AD1-484B-9CA6-E5DB1B5F6227}.Release|x64.Build.0 = Release|x64
	EndGlobalSection
	GlobalSection(SolutionProperties) = preSolution
		HideSolutionNode = FALSE
	EndGlobalSection
	GlobalSection(ExtensibilityGlobals) = postSolution
		SolutionGuid = {4117CD09-4B05-4411-8441-84C86F9F22E1}
	EndGlobalSection
EndGlobal
